
Microsoft Visual Studio Solution File, Format Version 12.00
# Visual Studio 2012
Project("{FAE04EC0-301F-11D3-BF4B-00C04F79EFBC}") = "SpiderController", "SpiderController\SpiderController.csproj", "{9FCCA8A4-C5C6-49AF-BCCF-4E97BFCD7074}"
EndProject
Project("{FAE04EC0-301F-11D3-BF4B-00C04F79EFBC}") = "GameName1", "GameName1\GameName1.csproj", "{3726E0D6-2AAB-432A-A466-5045D17DD871}"
EndProject
Global
	GlobalSection(SolutionConfigurationPlatforms) = preSolution
		Debug|Any CPU = Debug|Any CPU
		Debug|Mixed Platforms = Debug|Mixed Platforms
		Debug|x86 = Debug|x86
		Release|Any CPU = Release|Any CPU
		Release|Mixed Platforms = Release|Mixed Platforms
		Release|x86 = Release|x86
	EndGlobalSection
	GlobalSection(ProjectConfigurationPlatforms) = postSolution
		{9FCCA8A4-C5C6-49AF-BCCF-4E97BFCD7074}.Debug|Any CPU.ActiveCfg = Debug|Any CPU
		{9FCCA8A4-C5C6-49AF-BCCF-4E97BFCD7074}.Debug|Any CPU.Build.0 = Debug|Any CPU
		{9FCCA8A4-C5C6-49AF-BCCF-4E97BFCD7074}.Debug|Mixed Platforms.ActiveCfg = Debug|Any CPU
		{9FCCA8A4-C5C6-49AF-BCCF-4E97BFCD7074}.Debug|Mixed Platforms.Build.0 = Debug|Any CPU
		{9FCCA8A4-C5C6-49AF-BCCF-4E97BFCD7074}.Debug|x86.ActiveCfg = Debug|Any CPU
		{9FCCA8A4-C5C6-49AF-BCCF-4E97BFCD7074}.Release|Any CPU.ActiveCfg = Release|Any CPU
		{9FCCA8A4-C5C6-49AF-BCCF-4E97BFCD7074}.Release|Any CPU.Build.0 = Release|Any CPU
		{9FCCA8A4-C5C6-49AF-BCCF-4E97BFCD7074}.Release|Mixed Platforms.ActiveCfg = Release|Any CPU
		{9FCCA8A4-C5C6-49AF-BCCF-4E97BFCD7074}.Release|Mixed Platforms.Build.0 = Release|Any CPU
		{9FCCA8A4-C5C6-49AF-BCCF-4E97BFCD7074}.Release|x86.ActiveCfg = Release|Any CPU
		{3726E0D6-2AAB-432A-A466-5045D17DD871}.Debug|Any CPU.ActiveCfg = Debug|x86
		{3726E0D6-2AAB-432A-A466-5045D17DD871}.Debug|Mixed Platforms.ActiveCfg = Debug|x86
		{3726E0D6-2AAB-432A-A466-5045D17DD871}.Debug|Mixed Platforms.Build.0 = Debug|x86
		{3726E0D6-2AAB-432A-A466-5045D17DD871}.Debug|x86.ActiveCfg = Debug|x86
		{3726E0D6-2AAB-432A-A466-5045D17DD871}.Debug|x86.Build.0 = Debug|x86
		{3726E0D6-2AAB-432A-A466-5045D17DD871}.Release|Any CPU.ActiveCfg = Release|x86
		{3726E0D6-2AAB-432A-A466-5045D17DD871}.Release|Mixed Platforms.ActiveCfg = Release|x86
		{3726E0D6-2AAB-432A-A466-5045D17DD871}.Release|Mixed Platforms.Build.0 = Release|x86
		{3726E0D6-2AAB-432A-A466-5045D17DD871}.Release|x86.ActiveCfg = Release|x86
		{3726E0D6-2AAB-432A-A466-5045D17DD871}.Release|x86.Build.0 = Release|x86
	EndGlobalSection
	GlobalSection(SolutionProperties) = preSolution
		HideSolutionNode = FALSE
	EndGlobalSection
EndGlobal
